# Prisma Migrate lockfile v1

20200810003304-init
20200816232037-make-contacts-nullable
20201004073622-videolessons-and-tags
20201011174640-draft-videolessons
20201024165706-add-uploaded-state-for-lessons
20201025171107-rename-uploaded-add-duration-to-videolessons
20201114074621-new-fields-for-videolessons
20201121171817-update-avatar-field
20201122063931-add-about-field